
Microsoft Visual Studio Solution File, Format Version 12.00
# Visual Studio 15
VisualStudioVersion = 15.0.27703.2042
MinimumVisualStudioVersion = 10.0.40219.1
Project("{FAE04EC0-301F-11D3-BF4B-00C04F79EFBC}") = "ContactManager", "ContactManager\ContactManager.csproj", "{80F37016-6B4F-4C2A-9351-AABB39C47BC9}"
EndProject
Project("{2150E333-8FDC-42A3-9474-1A3956D46DE8}") = "Solution Items", "Solution Items", "{3079F34B-6FC3-43EF-A71C-FABBE384E804}"
	ProjectSection(SolutionItems) = preProject
		Info.txt = Info.txt
	EndProjectSection
EndProject
Project("{FAE04EC0-301F-11D3-BF4B-00C04F79EFBC}") = "ProductsApi", "ProductsWeb\ProductsApi.csproj", "{649C6743-50EB-4C82-9EE6-5347D9B3B5C5}"
EndProject
Project("{FAE04EC0-301F-11D3-BF4B-00C04F79EFBC}") = "TestContactManager", "TestContactManager\TestContactManager.csproj", "{01951BB1-0A69-4EE8-8155-959109C100AD}"
EndProject
Project("{FAE04EC0-301F-11D3-BF4B-00C04F79EFBC}") = "TestClassLibrary", "TestClassLibrary\TestClassLibrary.csproj", "{6E1B969D-1B78-4AD6-A473-28B5F9D2734B}"
EndProject
Global
	GlobalSection(SolutionConfigurationPlatforms) = preSolution
		Debug|Any CPU = Debug|Any CPU
		Release|Any CPU = Release|Any CPU
	EndGlobalSection
	GlobalSection(ProjectConfigurationPlatforms) = postSolution
		{80F37016-6B4F-4C2A-9351-AABB39C47BC9}.Debug|Any CPU.ActiveCfg = Debug|Any CPU
		{80F37016-6B4F-4C2A-9351-AABB39C47BC9}.Debug|Any CPU.Build.0 = Debug|Any CPU
		{80F37016-6B4F-4C2A-9351-AABB39C47BC9}.Release|Any CPU.ActiveCfg = Release|Any CPU
		{80F37016-6B4F-4C2A-9351-AABB39C47BC9}.Release|Any CPU.Build.0 = Release|Any CPU
		{649C6743-50EB-4C82-9EE6-5347D9B3B5C5}.Debug|Any CPU.ActiveCfg = Debug|Any CPU
		{649C6743-50EB-4C82-9EE6-5347D9B3B5C5}.Debug|Any CPU.Build.0 = Debug|Any CPU
		{649C6743-50EB-4C82-9EE6-5347D9B3B5C5}.Release|Any CPU.ActiveCfg = Release|Any CPU
		{649C6743-50EB-4C82-9EE6-5347D9B3B5C5}.Release|Any CPU.Build.0 = Release|Any CPU
		{01951BB1-0A69-4EE8-8155-959109C100AD}.Debug|Any CPU.ActiveCfg = Debug|Any CPU
		{01951BB1-0A69-4EE8-8155-959109C100AD}.Debug|Any CPU.Build.0 = Debug|Any CPU
		{01951BB1-0A69-4EE8-8155-959109C100AD}.Release|Any CPU.ActiveCfg = Release|Any CPU
		{01951BB1-0A69-4EE8-8155-959109C100AD}.Release|Any CPU.Build.0 = Release|Any CPU
		{6E1B969D-1B78-4AD6-A473-28B5F9D2734B}.Debug|Any CPU.ActiveCfg = Debug|Any CPU
		{6E1B969D-1B78-4AD6-A473-28B5F9D2734B}.Debug|Any CPU.Build.0 = Debug|Any CPU
		{6E1B969D-1B78-4AD6-A473-28B5F9D2734B}.Release|Any CPU.ActiveCfg = Release|Any CPU
		{6E1B969D-1B78-4AD6-A473-28B5F9D2734B}.Release|Any CPU.Build.0 = Release|Any CPU
	EndGlobalSection
	GlobalSection(SolutionProperties) = preSolution
		HideSolutionNode = FALSE
	EndGlobalSection
	GlobalSection(ExtensibilityGlobals) = postSolution
		SolutionGuid = {E0CEEB19-7E13-42D3-9CAF-432B98CDBB9F}
	EndGlobalSection
EndGlobal
